
Microsoft Visual Studio Solution File, Format Version 12.00
# Visual Studio Version 17
VisualStudioVersion = 17.0.31903.59
MinimumVisualStudioVersion = 10.0.40219.1
Project("{FAE04EC0-301F-11D3-BF4B-00C04F79EFBC}") = "day1-csharp", "day1-csharp\day1-csharp.csproj", "{91EF7C0E-A6D0-4121-A14E-E87A4064D0FF}"
EndProject
Project("{FAE04EC0-301F-11D3-BF4B-00C04F79EFBC}") = "day2", "day2\day2.csproj", "{574502FE-C80E-4C55-B71D-AFEF6A27F324}"
EndProject
Project("{FAE04EC0-301F-11D3-BF4B-00C04F79EFBC}") = "day3", "day3\day3.csproj", "{9C2963FC-9C2D-40B4-A792-22C6B1D266BA}"
EndProject
Project("{FAE04EC0-301F-11D3-BF4B-00C04F79EFBC}") = "day4", "day4\day4.csproj", "{C25842CE-AD3B-4C00-A9EB-362DFB7B6353}"
EndProject
Global
	GlobalSection(SolutionConfigurationPlatforms) = preSolution
		Debug|Any CPU = Debug|Any CPU
		Release|Any CPU = Release|Any CPU
	EndGlobalSection
	GlobalSection(SolutionProperties) = preSolution
		HideSolutionNode = FALSE
	EndGlobalSection
	GlobalSection(ProjectConfigurationPlatforms) = postSolution
		{91EF7C0E-A6D0-4121-A14E-E87A4064D0FF}.Debug|Any CPU.ActiveCfg = Debug|Any CPU
		{91EF7C0E-A6D0-4121-A14E-E87A4064D0FF}.Debug|Any CPU.Build.0 = Debug|Any CPU
		{91EF7C0E-A6D0-4121-A14E-E87A4064D0FF}.Release|Any CPU.ActiveCfg = Release|Any CPU
		{91EF7C0E-A6D0-4121-A14E-E87A4064D0FF}.Release|Any CPU.Build.0 = Release|Any CPU
		{574502FE-C80E-4C55-B71D-AFEF6A27F324}.Debug|Any CPU.ActiveCfg = Debug|Any CPU
		{574502FE-C80E-4C55-B71D-AFEF6A27F324}.Debug|Any CPU.Build.0 = Debug|Any CPU
		{574502FE-C80E-4C55-B71D-AFEF6A27F324}.Release|Any CPU.ActiveCfg = Release|Any CPU
		{574502FE-C80E-4C55-B71D-AFEF6A27F324}.Release|Any CPU.Build.0 = Release|Any CPU
		{9C2963FC-9C2D-40B4-A792-22C6B1D266BA}.Debug|Any CPU.ActiveCfg = Debug|Any CPU
		{9C2963FC-9C2D-40B4-A792-22C6B1D266BA}.Debug|Any CPU.Build.0 = Debug|Any CPU
		{9C2963FC-9C2D-40B4-A792-22C6B1D266BA}.Release|Any CPU.ActiveCfg = Release|Any CPU
		{9C2963FC-9C2D-40B4-A792-22C6B1D266BA}.Release|Any CPU.Build.0 = Release|Any CPU
		{C25842CE-AD3B-4C00-A9EB-362DFB7B6353}.Debug|Any CPU.ActiveCfg = Debug|Any CPU
		{C25842CE-AD3B-4C00-A9EB-362DFB7B6353}.Debug|Any CPU.Build.0 = Debug|Any CPU
		{C25842CE-AD3B-4C00-A9EB-362DFB7B6353}.Release|Any CPU.ActiveCfg = Release|Any CPU
		{C25842CE-AD3B-4C00-A9EB-362DFB7B6353}.Release|Any CPU.Build.0 = Release|Any CPU
	EndGlobalSection
EndGlobal
